
Microsoft Visual Studio Solution File, Format Version 12.00
# Visual Studio Version 17
VisualStudioVersion = 17.3.32929.385
MinimumVisualStudioVersion = 10.0.40219.1
Project("{FAE04EC0-301F-11D3-BF4B-00C04F79EFBC}") = "UdemyRabbitMQ.WaterMark.UI", "UdemyRabbitMQ.WaterMark.UI\UdemyRabbitMQ.WaterMark.UI.csproj", "{3B5C5A9E-E6A4-4841-890F-6FEFFD57EED3}"
EndProject
Project("{E53339B2-1760-4266-BCC7-CA923CBCF16C}") = "docker-compose", "docker-compose.dcproj", "{1351BE89-71E5-47C4-AE19-DB269F76EE27}"
EndProject
Global
	GlobalSection(SolutionConfigurationPlatforms) = preSolution
		Debug|Any CPU = Debug|Any CPU
		Release|Any CPU = Release|Any CPU
	EndGlobalSection
	GlobalSection(ProjectConfigurationPlatforms) = postSolution
		{3B5C5A9E-E6A4-4841-890F-6FEFFD57EED3}.Debug|Any CPU.ActiveCfg = Debug|Any CPU
		{3B5C5A9E-E6A4-4841-890F-6FEFFD57EED3}.Debug|Any CPU.Build.0 = Debug|Any CPU
		{3B5C5A9E-E6A4-4841-890F-6FEFFD57EED3}.Release|Any CPU.ActiveCfg = Release|Any CPU
		{3B5C5A9E-E6A4-4841-890F-6FEFFD57EED3}.Release|Any CPU.Build.0 = Release|Any CPU
		{1351BE89-71E5-47C4-AE19-DB269F76EE27}.Debug|Any CPU.ActiveCfg = Debug|Any CPU
		{1351BE89-71E5-47C4-AE19-DB269F76EE27}.Debug|Any CPU.Build.0 = Debug|Any CPU
		{1351BE89-71E5-47C4-AE19-DB269F76EE27}.Release|Any CPU.ActiveCfg = Release|Any CPU
		{1351BE89-71E5-47C4-AE19-DB269F76EE27}.Release|Any CPU.Build.0 = Release|Any CPU
	EndGlobalSection
	GlobalSection(SolutionProperties) = preSolution
		HideSolutionNode = FALSE
	EndGlobalSection
	GlobalSection(ExtensibilityGlobals) = postSolution
		SolutionGuid = {36B68EDC-70BD-4E2F-81CB-3DF26EF34EEE}
	EndGlobalSection
EndGlobal
